// !$*UTF8*$!
{
	archiveVersion = 1;
	classes = {
	};
	objectVersion = 55;
	objects = {

/* Begin PBXBuildFile section */
		251A9C432A0358C800FFA607 /* AppDelegate.swift in Sources */ = {isa = PBXBuildFile; fileRef = 251A9C422A0358C800FFA607 /* AppDelegate.swift */; };
		251A9C452A0358C800FFA607 /* SceneDelegate.swift in Sources */ = {isa = PBXBuildFile; fileRef = 251A9C442A0358C800FFA607 /* SceneDelegate.swift */; };
		251A9C472A0358C800FFA607 /* ViewController.swift in Sources */ = {isa = PBXBuildFile; fileRef = 251A9C462A0358C800FFA607 /* ViewController.swift */; };
		251A9C4A2A0358C800FFA607 /* Main.storyboard in Resources */ = {isa = PBXBuildFile; fileRef = 251A9C482A0358C800FFA607 /* Main.storyboard */; };
		251A9C4C2A0358C900FFA607 /* Assets.xcassets in Resources */ = {isa = PBXBuildFile; fileRef = 251A9C4B2A0358C900FFA607 /* Assets.xcassets */; };
		251A9C4F2A0358C900FFA607 /* LaunchScreen.storyboard in Resources */ = {isa = PBXBuildFile; fileRef = 251A9C4D2A0358C900FFA607 /* LaunchScreen.storyboard */; };
		251A9C5A2A0358C900FFA607 /* Project_1Tests.swift in Sources */ = {isa = PBXBuildFile; fileRef = 251A9C592A0358C900FFA607 /* Project_1Tests.swift */; };
		251A9C642A0358C900FFA607 /* Project_1UITests.swift in Sources */ = {isa = PBXBuildFile; fileRef = 251A9C632A0358C900FFA607 /* Project_1UITests.swift */; };
		251A9C662A0358C900FFA607 /* Project_1UITestsLaunchTests.swift in Sources */ = {isa = PBXBuildFile; fileRef = 251A9C652A0358C900FFA607 /* Project_1UITestsLaunchTests.swift */; };
		251A9C732A035B4F00FFA607 /* GoogleService-Info.plist in Resources */ = {isa = PBXBuildFile; fileRef = 251A9C722A035B4F00FFA607 /* GoogleService-Info.plist */; };
		251A9C762A035CF000FFA607 /* FirebaseAnalytics in Frameworks */ = {isa = PBXBuildFile; productRef = 251A9C752A035CF000FFA607 /* FirebaseAnalytics */; };
		251A9C782A035CF000FFA607 /* FirebaseAnalyticsSwift-Beta in Frameworks */ = {isa = PBXBuildFile; productRef = 251A9C772A035CF000FFA607 /* FirebaseAnalyticsSwift-Beta */; };
		251A9C7A2A035CF000FFA607 /* FirebaseAnalyticsWithoutAdIdSupport in Frameworks */ = {isa = PBXBuildFile; productRef = 251A9C792A035CF000FFA607 /* FirebaseAnalyticsWithoutAdIdSupport */; };
		251A9C7C2A035CF000FFA607 /* FirebaseAuth in Frameworks */ = {isa = PBXBuildFile; productRef = 251A9C7B2A035CF000FFA607 /* FirebaseAuth */; };
		251A9C7E2A035CF000FFA607 /* FirebaseDatabase in Frameworks */ = {isa = PBXBuildFile; productRef = 251A9C7D2A035CF000FFA607 /* FirebaseDatabase */; };
		251A9C802A035CF000FFA607 /* FirebaseDatabaseSwift-Beta in Frameworks */ = {isa = PBXBuildFile; productRef = 251A9C7F2A035CF000FFA607 /* FirebaseDatabaseSwift-Beta */; };
		251A9C822A035CF000FFA607 /* FirebaseFirestore in Frameworks */ = {isa = PBXBuildFile; productRef = 251A9C812A035CF000FFA607 /* FirebaseFirestore */; };
		251A9C842A035CF000FFA607 /* FirebaseFirestoreCombine-Community in Frameworks */ = {isa = PBXBuildFile; productRef = 251A9C832A035CF000FFA607 /* FirebaseFirestoreCombine-Community */; };
		251A9C862A035CF000FFA607 /* FirebaseFirestoreSwift-Beta in Frameworks */ = {isa = PBXBuildFile; productRef = 251A9C852A035CF000FFA607 /* FirebaseFirestoreSwift-Beta */; };
		251A9C882A035CF000FFA607 /* FirebaseInAppMessaging-Beta in Frameworks */ = {isa = PBXBuildFile; productRef = 251A9C872A035CF000FFA607 /* FirebaseInAppMessaging-Beta */; };
		251A9C8A2A035CF000FFA607 /* FirebaseInAppMessagingSwift-Beta in Frameworks */ = {isa = PBXBuildFile; productRef = 251A9C892A035CF000FFA607 /* FirebaseInAppMessagingSwift-Beta */; };
		251A9C8C2A035CF000FFA607 /* FirebaseStorage in Frameworks */ = {isa = PBXBuildFile; productRef = 251A9C8B2A035CF000FFA607 /* FirebaseStorage */; };
		251A9C8E2A035CF000FFA607 /* FirebaseStorageCombine-Community in Frameworks */ = {isa = PBXBuildFile; productRef = 251A9C8D2A035CF000FFA607 /* FirebaseStorageCombine-Community */; };
		251A9C902A035CF000FFA607 /* FirebaseStorageSwift-Beta in Frameworks */ = {isa = PBXBuildFile; productRef = 251A9C8F2A035CF000FFA607 /* FirebaseStorageSwift-Beta */; };
		251A9C922A03805B00FFA607 /* MapSecondController1.swift in Sources */ = {isa = PBXBuildFile; fileRef = 251A9C912A03805B00FFA607 /* MapSecondController1.swift */; };
		251A9C942A0381A600FFA607 /* Liko.swift in Sources */ = {isa = PBXBuildFile; fileRef = 251A9C932A0381A600FFA607 /* Liko.swift */; };
/* End PBXBuildFile section */

/* Begin PBXContainerItemProxy section */
		251A9C562A0358C900FFA607 /* PBXContainerItemProxy */ = {
			isa = PBXContainerItemProxy;
			containerPortal = 251A9C372A0358C800FFA607 /* Project object */;
			proxyType = 1;
			remoteGlobalIDString = 251A9C3E2A0358C800FFA607;
			remoteInfo = Project_1;
		};
		251A9C602A0358C900FFA607 /* PBXContainerItemProxy */ = {
			isa = PBXContainerItemProxy;
			containerPortal = 251A9C372A0358C800FFA607 /* Project object */;
			proxyType = 1;
			remoteGlobalIDString = 251A9C3E2A0358C800FFA607;
			remoteInfo = Project_1;
		};
/* End PBXContainerItemProxy section */

/* Begin PBXFileReference section */
		251A9C3F2A0358C800FFA607 /* Project_1.app */ = {isa = PBXFileReference; explicitFileType = wrapper.application; includeInIndex = 0; path = Project_1.app; sourceTree = BUILT_PRODUCTS_DIR; };
		251A9C422A0358C800FFA607 /* AppDelegate.swift */ = {isa = PBXFileReference; lastKnownFileType = sourcecode.swift; path = AppDelegate.swift; sourceTree = "<group>"; };
		251A9C442A0358C800FFA607 /* SceneDelegate.swift */ = {isa = PBXFileReference; lastKnownFileType = sourcecode.swift; path = SceneDelegate.swift; sourceTree = "<group>"; };
		251A9C462A0358C800FFA607 /* ViewController.swift */ = {isa = PBXFileReference; lastKnownFileType = sourcecode.swift; path = ViewController.swift; sourceTree = "<group>"; };
		251A9C492A0358C800FFA607 /* Base */ = {isa = PBXFileReference; lastKnownFileType = file.storyboard; name = Base; path = Base.lproj/Main.storyboard; sourceTree = "<group>"; };
		251A9C4B2A0358C900FFA607 /* Assets.xcassets */ = {isa = PBXFileReference; lastKnownFileType = folder.assetcatalog; path = Assets.xcassets; sourceTree = "<group>"; };
		251A9C4E2A0358C900FFA607 /* Base */ = {isa = PBXFileReference; lastKnownFileType = file.storyboard; name = Base; path = Base.lproj/LaunchScreen.storyboard; sourceTree = "<group>"; };
		251A9C502A0358C900FFA607 /* Info.plist */ = {isa = PBXFileReference; lastKnownFileType = text.plist.xml; path = Info.plist; sourceTree = "<group>"; };
		251A9C552A0358C900FFA607 /* Project_1Tests.xctest */ = {isa = PBXFileReference; explicitFileType = wrapper.cfbundle; includeInIndex = 0; path = Project_1Tests.xctest; sourceTree = BUILT_PRODUCTS_DIR; };
		251A9C592A0358C900FFA607 /* Project_1Tests.swift */ = {isa = PBXFileReference; lastKnownFileType = sourcecode.swift; path = Project_1Tests.swift; sourceTree = "<group>"; };
		251A9C5F2A0358C900FFA607 /* Project_1UITests.xctest */ = {isa = PBXFileReference; explicitFileType = wrapper.cfbundle; includeInIndex = 0; path = Project_1UITests.xctest; sourceTree = BUILT_PRODUCTS_DIR; };
		251A9C632A0358C900FFA607 /* Project_1UITests.swift */ = {isa = PBXFileReference; lastKnownFileType = sourcecode.swift; path = Project_1UITests.swift; sourceTree = "<group>"; };
		251A9C652A0358C900FFA607 /* Project_1UITestsLaunchTests.swift */ = {isa = PBXFileReference; lastKnownFileType = sourcecode.swift; path = Project_1UITestsLaunchTests.swift; sourceTree = "<group>"; };
		251A9C722A035B4F00FFA607 /* GoogleService-Info.plist */ = {isa = PBXFileReference; fileEncoding = 4; lastKnownFileType = text.plist.xml; path = "GoogleService-Info.plist"; sourceTree = "<group>"; };
		251A9C912A03805B00FFA607 /* MapSecondController1.swift */ = {isa = PBXFileReference; lastKnownFileType = sourcecode.swift; path = MapSecondController1.swift; sourceTree = "<group>"; };
		251A9C932A0381A600FFA607 /* Liko.swift */ = {isa = PBXFileReference; lastKnownFileType = sourcecode.swift; path = Liko.swift; sourceTree = "<group>"; };
/* End PBXFileReference section */

/* Begin PBXFrameworksBuildPhase section */
		251A9C3C2A0358C800FFA607 /* Frameworks */ = {
			isa = PBXFrameworksBuildPhase;
			buildActionMask = 2147483647;
			files = (
				251A9C8A2A035CF000FFA607 /* FirebaseInAppMessagingSwift-Beta in Frameworks */,
				251A9C802A035CF000FFA607 /* FirebaseDatabaseSwift-Beta in Frameworks */,
				251A9C842A035CF000FFA607 /* FirebaseFirestoreCombine-Community in Frameworks */,
				251A9C8E2A035CF000FFA607 /* FirebaseStorageCombine-Community in Frameworks */,
				251A9C7E2A035CF000FFA607 /* FirebaseDatabase in Frameworks */,
				251A9C902A035CF000FFA607 /* FirebaseStorageSwift-Beta in Frameworks */,
				251A9C782A035CF000FFA607 /* FirebaseAnalyticsSwift-Beta in Frameworks */,
				251A9C8C2A035CF000FFA607 /* FirebaseStorage in Frameworks */,
				251A9C7A2A035CF000FFA607 /* FirebaseAnalyticsWithoutAdIdSupport in Frameworks */,
				251A9C762A035CF000FFA607 /* FirebaseAnalytics in Frameworks */,
				251A9C862A035CF000FFA607 /* FirebaseFirestoreSwift-Beta in Frameworks */,
				251A9C7C2A035CF000FFA607 /* FirebaseAuth in Frameworks */,
				251A9C822A035CF000FFA607 /* FirebaseFirestore in Frameworks */,
				251A9C882A035CF000FFA607 /* FirebaseInAppMessaging-Beta in Frameworks */,
			);
			runOnlyForDeploymentPostprocessing = 0;
		};
		251A9C522A0358C900FFA607 /* Frameworks */ = {
			isa = PBXFrameworksBuildPhase;
			buildActionMask = 2147483647;
			files = (
			);
			runOnlyForDeploymentPostprocessing = 0;
		};
		251A9C5C2A0358C900FFA607 /* Frameworks */ = {
			isa = PBXFrameworksBuildPhase;
			buildActionMask = 2147483647;
			files = (
			);
			runOnlyForDeploymentPostprocessing = 0;
		};
/* End PBXFrameworksBuildPhase section */

/* Begin PBXGroup section */
		251A9C362A0358C800FFA607 = {
			isa = PBXGroup;
			children = (
				251A9C412A0358C800FFA607 /* Project_1 */,
				251A9C582A0358C900FFA607 /* Project_1Tests */,
				251A9C622A0358C900FFA607 /* Project_1UITests */,
				251A9C402A0358C800FFA607 /* Products */,
			);
			sourceTree = "<group>";
		};
		251A9C402A0358C800FFA607 /* Products */ = {
			isa = PBXGroup;
			children = (
				251A9C3F2A0358C800FFA607 /* Project_1.app */,
				251A9C552A0358C900FFA607 /* Project_1Tests.xctest */,
				251A9C5F2A0358C900FFA607 /* Project_1UITests.xctest */,
			);
			name = Products;
			sourceTree = "<group>";
		};
		251A9C412A0358C800FFA607 /* Project_1 */ = {
			isa = PBXGroup;
			children = (
				251A9C722A035B4F00FFA607 /* GoogleService-Info.plist */,
				251A9C422A0358C800FFA607 /* AppDelegate.swift */,
				251A9C442A0358C800FFA607 /* SceneDelegate.swift */,
				251A9C462A0358C800FFA607 /* ViewController.swift */,
				251A9C932A0381A600FFA607 /* Liko.swift */,
				251A9C912A03805B00FFA607 /* MapSecondController1.swift */,
				251A9C482A0358C800FFA607 /* Main.storyboard */,
				251A9C4B2A0358C900FFA607 /* Assets.xcassets */,
				251A9C4D2A0358C900FFA607 /* LaunchScreen.storyboard */,
				251A9C502A0358C900FFA607 /* Info.plist */,
			);
			path = Project_1;
			sourceTree = "<group>";
		};
		251A9C582A0358C900FFA607 /* Project_1Tests */ = {
			isa = PBXGroup;
			children = (
				251A9C592A0358C900FFA607 /* Project_1Tests.swift */,
			);
			path = Project_1Tests;
			sourceTree = "<group>";
		};
		251A9C622A0358C900FFA607 /* Project_1UITests */ = {
			isa = PBXGroup;
			children = (
				251A9C632A0358C900FFA607 /* Project_1UITests.swift */,
				251A9C652A0358C900FFA607 /* Project_1UITestsLaunchTests.swift */,
			);
			path = Project_1UITests;
			sourceTree = "<group>";
		};
/* End PBXGroup section */

/* Begin PBXNativeTarget section */
		251A9C3E2A0358C800FFA607 /* Project_1 */ = {
			isa = PBXNativeTarget;
			buildConfigurationList = 251A9C692A0358C900FFA607 /* Build configuration list for PBXNativeTarget "Project_1" */;
			buildPhases = (
				251A9C3B2A0358C800FFA607 /* Sources */,
				251A9C3C2A0358C800FFA607 /* Frameworks */,
				251A9C3D2A0358C800FFA607 /* Resources */,
			);
			buildRules = (
			);
			dependencies = (
			);
			name = Project_1;
			packageProductDependencies = (
				251A9C752A035CF000FFA607 /* FirebaseAnalytics */,
				251A9C772A035CF000FFA607 /* FirebaseAnalyticsSwift-Beta */,
				251A9C792A035CF000FFA607 /* FirebaseAnalyticsWithoutAdIdSupport */,
				251A9C7B2A035CF000FFA607 /* FirebaseAuth */,
				251A9C7D2A035CF000FFA607 /* FirebaseDatabase */,
				251A9C7F2A035CF000FFA607 /* FirebaseDatabaseSwift-Beta */,
				251A9C812A035CF000FFA607 /* FirebaseFirestore */,
				251A9C832A035CF000FFA607 /* FirebaseFirestoreCombine-Community */,
				251A9C852A035CF000FFA607 /* FirebaseFirestoreSwift-Beta */,
				251A9C872A035CF000FFA607 /* FirebaseInAppMessaging-Beta */,
				251A9C892A035CF000FFA607 /* FirebaseInAppMessagingSwift-Beta */,
				251A9C8B2A035CF000FFA607 /* FirebaseStorage */,
				251A9C8D2A035CF000FFA607 /* FirebaseStorageCombine-Community */,
				251A9C8F2A035CF000FFA607 /* FirebaseStorageSwift-Beta */,
			);
			productName = Project_1;
			productReference = 251A9C3F2A0358C800FFA607 /* Project_1.app */;
			productType = "com.apple.product-type.application";
		};
		251A9C542A0358C900FFA607 /* Project_1Tests */ = {
			isa = PBXNativeTarget;
			buildConfigurationList = 251A9C6C2A0358C900FFA607 /* Build configuration list for PBXNativeTarget "Project_1Tests" */;
			buildPhases = (
				251A9C512A0358C900FFA607 /* Sources */,
				251A9C522A0358C900FFA607 /* Frameworks */,
				251A9C532A0358C900FFA607 /* Resources */,
			);
			buildRules = (
			);
			dependencies = (
				251A9C572A0358C900FFA607 /* PBXTargetDependency */,
			);
			name = Project_1Tests;
			productName = Project_1Tests;
			productReference = 251A9C552A0358C900FFA607 /* Project_1Tests.xctest */;
			productType = "com.apple.product-type.bundle.unit-test";
		};
		251A9C5E2A0358C900FFA607 /* Project_1UITests */ = {
			isa = PBXNativeTarget;
			buildConfigurationList = 251A9C6F2A0358C900FFA607 /* Build configuration list for PBXNativeTarget "Project_1UITests" */;
			buildPhases = (
				251A9C5B2A0358C900FFA607 /* Sources */,
				251A9C5C2A0358C900FFA607 /* Frameworks */,
				251A9C5D2A0358C900FFA607 /* Resources */,
			);
			buildRules = (
			);
			dependencies = (
				251A9C612A0358C900FFA607 /* PBXTargetDependency */,
			);
			name = Project_1UITests;
			productName = Project_1UITests;
			productReference = 251A9C5F2A0358C900FFA607 /* Project_1UITests.xctest */;
			productType = "com.apple.product-type.bundle.ui-testing";
		};
/* End PBXNativeTarget section */

/* Begin PBXProject section */
		251A9C372A0358C800FFA607 /* Project object */ = {
			isa = PBXProject;
			attributes = {
				BuildIndependentTargetsInParallel = 1;
				LastSwiftUpdateCheck = 1310;
				LastUpgradeCheck = 1310;
				TargetAttributes = {
					251A9C3E2A0358C800FFA607 = {
						CreatedOnToolsVersion = 13.1;
					};
					251A9C542A0358C900FFA607 = {
						CreatedOnToolsVersion = 13.1;
						TestTargetID = 251A9C3E2A0358C800FFA607;
					};
					251A9C5E2A0358C900FFA607 = {
						CreatedOnToolsVersion = 13.1;
						TestTargetID = 251A9C3E2A0358C800FFA607;
					};
				};
			};
			buildConfigurationList = 251A9C3A2A0358C800FFA607 /* Build configuration list for PBXProject "Project_1" */;
			compatibilityVersion = "Xcode 13.0";
			developmentRegion = en;
			hasScannedForEncodings = 0;
			knownRegions = (
				en,
				Base,
			);
			mainGroup = 251A9C362A0358C800FFA607;
			packageReferences = (
				251A9C742A035CF000FFA607 /* XCRemoteSwiftPackageReference "firebase-ios-sdk" */,
			);
			productRefGroup = 251A9C402A0358C800FFA607 /* Products */;
			projectDirPath = "";
			projectRoot = "";
			targets = (
				251A9C3E2A0358C800FFA607 /* Project_1 */,
				251A9C542A0358C900FFA607 /* Project_1Tests */,
				251A9C5E2A0358C900FFA607 /* Project_1UITests */,
			);
		};
/* End PBXProject section */

/* Begin PBXResourcesBuildPhase section */
		251A9C3D2A0358C800FFA607 /* Resources */ = {
			isa = PBXResourcesBuildPhase;
			buildActionMask = 2147483647;
			files = (
				251A9C4F2A0358C900FFA607 /* LaunchScreen.storyboard in Resources */,
				251A9C732A035B4F00FFA607 /* GoogleService-Info.plist in Resources */,
				251A9C4C2A0358C900FFA607 /* Assets.xcassets in Resources */,
				251A9C4A2A0358C800FFA607 /* Main.storyboard in Resources */,
			);
			runOnlyForDeploymentPostprocessing = 0;
		};
		251A9C532A0358C900FFA607 /* Resources */ = {
			isa = PBXResourcesBuildPhase;
			buildActionMask = 2147483647;
			files = (
			);
			runOnlyForDeploymentPostprocessing = 0;
		};
		251A9C5D2A0358C900FFA607 /* Resources */ = {
			isa = PBXResourcesBuildPhase;
			buildActionMask = 2147483647;
			files = (
			);
			runOnlyForDeploymentPostprocessing = 0;
		};
/* End PBXResourcesBuildPhase section */

/* Begin PBXSourcesBuildPhase section */
		251A9C3B2A0358C800FFA607 /* Sources */ = {
			isa = PBXSourcesBuildPhase;
			buildActionMask = 2147483647;
			files = (
				251A9C922A03805B00FFA607 /* MapSecondController1.swift in Sources */,
				251A9C472A0358C800FFA607 /* ViewController.swift in Sources */,
				251A9C432A0358C800FFA607 /* AppDelegate.swift in Sources */,
				251A9C452A0358C800FFA607 /* SceneDelegate.swift in Sources */,
				251A9C942A0381A600FFA607 /* Liko.swift in Sources */,
			);
			runOnlyForDeploymentPostprocessing = 0;
		};
		251A9C512A0358C900FFA607 /* Sources */ = {
			isa = PBXSourcesBuildPhase;
			buildActionMask = 2147483647;
			files = (
				251A9C5A2A0358C900FFA607 /* Project_1Tests.swift in Sources */,
			);
			runOnlyForDeploymentPostprocessing = 0;
		};
		251A9C5B2A0358C900FFA607 /* Sources */ = {
			isa = PBXSourcesBuildPhase;
			buildActionMask = 2147483647;
			files = (
				251A9C662A0358C900FFA607 /* Project_1UITestsLaunchTests.swift in Sources */,
				251A9C642A0358C900FFA607 /* Project_1UITests.swift in Sources */,
			);
			runOnlyForDeploymentPostprocessing = 0;
		};
/* End PBXSourcesBuildPhase section */

/* Begin PBXTargetDependency section */
		251A9C572A0358C900FFA607 /* PBXTargetDependency */ = {
			isa = PBXTargetDependency;
			target = 251A9C3E2A0358C800FFA607 /* Project_1 */;
			targetProxy = 251A9C562A0358C900FFA607 /* PBXContainerItemProxy */;
		};
		251A9C612A0358C900FFA607 /* PBXTargetDependency */ = {
			isa = PBXTargetDependency;
			target = 251A9C3E2A0358C800FFA607 /* Project_1 */;
			targetProxy = 251A9C602A0358C900FFA607 /* PBXContainerItemProxy */;
		};
/* End PBXTargetDependency section */

/* Begin PBXVariantGroup section */
		251A9C482A0358C800FFA607 /* Main.storyboard */ = {
			isa = PBXVariantGroup;
			children = (
				251A9C492A0358C800FFA607 /* Base */,
			);
			name = Main.storyboard;
			sourceTree = "<group>";
		};
		251A9C4D2A0358C900FFA607 /* LaunchScreen.storyboard */ = {
			isa = PBXVariantGroup;
			children = (
				251A9C4E2A0358C900FFA607 /* Base */,
			);
			name = LaunchScreen.storyboard;
			sourceTree = "<group>";
		};
/* End PBXVariantGroup section */

/* Begin XCBuildConfiguration section */
		251A9C672A0358C900FFA607 /* Debug */ = {
			isa = XCBuildConfiguration;
			buildSettings = {
				ALWAYS_SEARCH_USER_PATHS = NO;
				CLANG_ANALYZER_NONNULL = YES;
				CLANG_ANALYZER_NUMBER_OBJECT_CONVERSION = YES_AGGRESSIVE;
				CLANG_CXX_LANGUAGE_STANDARD = "gnu++17";
				CLANG_CXX_LIBRARY = "libc++";
				CLANG_ENABLE_MODULES = YES;
				CLANG_ENABLE_OBJC_ARC = YES;
				CLANG_ENABLE_OBJC_WEAK = YES;
				CLANG_WARN_BLOCK_CAPTURE_AUTORELEASING = YES;
				CLANG_WARN_BOOL_CONVERSION = YES;
				CLANG_WARN_COMMA = YES;
				CLANG_WARN_CONSTANT_CONVERSION = YES;
				CLANG_WARN_DEPRECATED_OBJC_IMPLEMENTATIONS = YES;
				CLANG_WARN_DIRECT_OBJC_ISA_USAGE = YES_ERROR;
				CLANG_WARN_DOCUMENTATION_COMMENTS = YES;
				CLANG_WARN_EMPTY_BODY = YES;
				CLANG_WARN_ENUM_CONVERSION = YES;
				CLANG_WARN_INFINITE_RECURSION = YES;
				CLANG_WARN_INT_CONVERSION = YES;
				CLANG_WARN_NON_LITERAL_NULL_CONVERSION = YES;
				CLANG_WARN_OBJC_IMPLICIT_RETAIN_SELF = YES;
				CLANG_WARN_OBJC_LITERAL_CONVERSION = YES;
				CLANG_WARN_OBJC_ROOT_CLASS = YES_ERROR;
				CLANG_WARN_QUOTED_INCLUDE_IN_FRAMEWORK_HEADER = YES;
				CLANG_WARN_RANGE_LOOP_ANALYSIS = YES;
				CLANG_WARN_STRICT_PROTOTYPES = YES;
				CLANG_WARN_SUSPICIOUS_MOVE = YES;
				CLANG_WARN_UNGUARDED_AVAILABILITY = YES_AGGRESSIVE;
				CLANG_WARN_UNREACHABLE_CODE = YES;
				CLANG_WARN__DUPLICATE_METHOD_MATCH = YES;
				COPY_PHASE_STRIP = NO;
				DEBUG_INFORMATION_FORMAT = dwarf;
				ENABLE_STRICT_OBJC_MSGSEND = YES;
				ENABLE_TESTABILITY = YES;
				GCC_C_LANGUAGE_STANDARD = gnu11;
				GCC_DYNAMIC_NO_PIC = NO;
				GCC_NO_COMMON_BLOCKS = YES;
				GCC_OPTIMIZATION_LEVEL = 0;
				GCC_PREPROCESSOR_DEFINITIONS = (
					"DEBUG=1",
					"$(inherited)",
				);
				GCC_WARN_64_TO_32_BIT_CONVERSION = YES;
				GCC_WARN_ABOUT_RETURN_TYPE = YES_ERROR;
				GCC_WARN_UNDECLARED_SELECTOR = YES;
				GCC_WARN_UNINITIALIZED_AUTOS = YES_AGGRESSIVE;
				GCC_WARN_UNUSED_FUNCTION = YES;
				GCC_WARN_UNUSED_VARIABLE = YES;
				IPHONEOS_DEPLOYMENT_TARGET = 15.0;
				MTL_ENABLE_DEBUG_INFO = INCLUDE_SOURCE;
				MTL_FAST_MATH = YES;
				ONLY_ACTIVE_ARCH = YES;
				SDKROOT = iphoneos;
				SWIFT_ACTIVE_COMPILATION_CONDITIONS = DEBUG;
				SWIFT_OPTIMIZATION_LEVEL = "-Onone";
			};
			name = Debug;
		};
		251A9C682A0358C900FFA607 /* Release */ = {
			isa = XCBuildConfiguration;
			buildSettings = {
				ALWAYS_SEARCH_USER_PATHS = NO;
				CLANG_ANALYZER_NONNULL = YES;
				CLANG_ANALYZER_NUMBER_OBJECT_CONVERSION = YES_AGGRESSIVE;
				CLANG_CXX_LANGUAGE_STANDARD = "gnu++17";
				CLANG_CXX_LIBRARY = "libc++";
				CLANG_ENABLE_MODULES = YES;
				CLANG_ENABLE_OBJC_ARC = YES;
				CLANG_ENABLE_OBJC_WEAK = YES;
				CLANG_WARN_BLOCK_CAPTURE_AUTORELEASING = YES;
				CLANG_WARN_BOOL_CONVERSION = YES;
				CLANG_WARN_COMMA = YES;
				CLANG_WARN_CONSTANT_CONVERSION = YES;
				CLANG_WARN_DEPRECATED_OBJC_IMPLEMENTATIONS = YES;
				CLANG_WARN_DIRECT_OBJC_ISA_USAGE = YES_ERROR;
				CLANG_WARN_DOCUMENTATION_COMMENTS = YES;
				CLANG_WARN_EMPTY_BODY = YES;
				CLANG_WARN_ENUM_CONVERSION = YES;
				CLANG_WARN_INFINITE_RECURSION = YES;
				CLANG_WARN_INT_CONVERSION = YES;
				CLANG_WARN_NON_LITERAL_NULL_CONVERSION = YES;
				CLANG_WARN_OBJC_IMPLICIT_RETAIN_SELF = YES;
				CLANG_WARN_OBJC_LITERAL_CONVERSION = YES;
				CLANG_WARN_OBJC_ROOT_CLASS = YES_ERROR;
				CLANG_WARN_QUOTED_INCLUDE_IN_FRAMEWORK_HEADER = YES;
				CLANG_WARN_RANGE_LOOP_ANALYSIS = YES;
				CLANG_WARN_STRICT_PROTOTYPES = YES;
				CLANG_WARN_SUSPICIOUS_MOVE = YES;
				CLANG_WARN_UNGUARDED_AVAILABILITY = YES_AGGRESSIVE;
				CLANG_WARN_UNREACHABLE_CODE = YES;
				CLANG_WARN__DUPLICATE_METHOD_MATCH = YES;
				COPY_PHASE_STRIP = NO;
				DEBUG_INFORMATION_FORMAT = "dwarf-with-dsym";
				ENABLE_NS_ASSERTIONS = NO;
				ENABLE_STRICT_OBJC_MSGSEND = YES;
				GCC_C_LANGUAGE_STANDARD = gnu11;
				GCC_NO_COMMON_BLOCKS = YES;
				GCC_WARN_64_TO_32_BIT_CONVERSION = YES;
				GCC_WARN_ABOUT_RETURN_TYPE = YES_ERROR;
				GCC_WARN_UNDECLARED_SELECTOR = YES;
				GCC_WARN_UNINITIALIZED_AUTOS = YES_AGGRESSIVE;
				GCC_WARN_UNUSED_FUNCTION = YES;
				GCC_WARN_UNUSED_VARIABLE = YES;
				IPHONEOS_DEPLOYMENT_TARGET = 15.0;
				MTL_ENABLE_DEBUG_INFO = NO;
				MTL_FAST_MATH = YES;
				SDKROOT = iphoneos;
				SWIFT_COMPILATION_MODE = wholemodule;
				SWIFT_OPTIMIZATION_LEVEL = "-O";
				VALIDATE_PRODUCT = YES;
			};
			name = Release;
		};
		251A9C6A2A0358C900FFA607 /* Debug */ = {
			isa = XCBuildConfiguration;
			buildSettings = {
				ASSETCATALOG_COMPILER_APPICON_NAME = AppIcon;
				ASSETCATALOG_COMPILER_GLOBAL_ACCENT_COLOR_NAME = AccentColor;
				CODE_SIGN_STYLE = Automatic;
				CURRENT_PROJECT_VERSION = 1;
				DEVELOPMENT_TEAM = 3K452862FK;
				GENERATE_INFOPLIST_FILE = YES;
				INFOPLIST_FILE = Project_1/Info.plist;
				INFOPLIST_KEY_CFBundleDisplayName = Printer;
				INFOPLIST_KEY_UIApplicationSupportsIndirectInputEvents = YES;
				INFOPLIST_KEY_UILaunchStoryboardName = LaunchScreen;
				INFOPLIST_KEY_UIMainStoryboardFile = Main;
				INFOPLIST_KEY_UISupportedInterfaceOrientations_iPad = "UIInterfaceOrientationPortrait UIInterfaceOrientationPortraitUpsideDown UIInterfaceOrientationLandscapeLeft UIInterfaceOrientationLandscapeRight";
				INFOPLIST_KEY_UISupportedInterfaceOrientations_iPhone = "UIInterfaceOrientationPortrait UIInterfaceOrientationLandscapeLeft UIInterfaceOrientationLandscapeRight";
				LD_RUNPATH_SEARCH_PATHS = (
					"$(inherited)",
					"@executable_path/Frameworks",
				);
				MARKETING_VERSION = 1.0;
				PRODUCT_BUNDLE_IDENTIFIER = "com.tht.Project-1";
				PRODUCT_NAME = "$(TARGET_NAME)";
				SWIFT_EMIT_LOC_STRINGS = YES;
				SWIFT_VERSION = 5.0;
				TARGETED_DEVICE_FAMILY = "1,2";
			};
			name = Debug;
		};
		251A9C6B2A0358C900FFA607 /* Release */ = {
			isa = XCBuildConfiguration;
			buildSettings = {
				ASSETCATALOG_COMPILER_APPICON_NAME = AppIcon;
				ASSETCATALOG_COMPILER_GLOBAL_ACCENT_COLOR_NAME = AccentColor;
				CODE_SIGN_STYLE = Automatic;
				CURRENT_PROJECT_VERSION = 1;
				DEVELOPMENT_TEAM = 3K452862FK;
				GENERATE_INFOPLIST_FILE = YES;
				INFOPLIST_FILE = Project_1/Info.plist;
				INFOPLIST_KEY_CFBundleDisplayName = Printer;
				INFOPLIST_KEY_UIApplicationSupportsIndirectInputEvents = YES;
				INFOPLIST_KEY_UILaunchStoryboardName = LaunchScreen;
				INFOPLIST_KEY_UIMainStoryboardFile = Main;
				INFOPLIST_KEY_UISupportedInterfaceOrientations_iPad = "UIInterfaceOrientationPortrait UIInterfaceOrientationPortraitUpsideDown UIInterfaceOrientationLandscapeLeft UIInterfaceOrientationLandscapeRight";
				INFOPLIST_KEY_UISupportedInterfaceOrientations_iPhone = "UIInterfaceOrientationPortrait UIInterfaceOrientationLandscapeLeft UIInterfaceOrientationLandscapeRight";
				LD_RUNPATH_SEARCH_PATHS = (
					"$(inherited)",
					"@executable_path/Frameworks",
				);
				MARKETING_VERSION = 1.0;
				PRODUCT_BUNDLE_IDENTIFIER = "com.tht.Project-1";
				PRODUCT_NAME = "$(TARGET_NAME)";
				SWIFT_EMIT_LOC_STRINGS = YES;
				SWIFT_VERSION = 5.0;
				TARGETED_DEVICE_FAMILY = "1,2";
			};
			name = Release;
		};
		251A9C6D2A0358C900FFA607 /* Debug */ = {
			isa = XCBuildConfiguration;
			buildSettings = {
				ALWAYS_EMBED_SWIFT_STANDARD_LIBRARIES = YES;
				BUNDLE_LOADER = "$(TEST_HOST)";
				CODE_SIGN_STYLE = Automatic;
				CURRENT_PROJECT_VERSION = 1;
				DEVELOPMENT_TEAM = 3K452862FK;
				GENERATE_INFOPLIST_FILE = YES;
				IPHONEOS_DEPLOYMENT_TARGET = 15.0;
				LD_RUNPATH_SEARCH_PATHS = (
					"$(inherited)",
					"@executable_path/Frameworks",
					"@loader_path/Frameworks",
				);
				MARKETING_VERSION = 1.0;
				PRODUCT_BUNDLE_IDENTIFIER = "com.tht.Project-1Tests";
				PRODUCT_NAME = "$(TARGET_NAME)";
				SWIFT_EMIT_LOC_STRINGS = NO;
				SWIFT_VERSION = 5.0;
				TARGETED_DEVICE_FAMILY = "1,2";
				TEST_HOST = "$(BUILT_PRODUCTS_DIR)/Project_1.app/Project_1";
			};
			name = Debug;
		};
		251A9C6E2A0358C900FFA607 /* Release */ = {
			isa = XCBuildConfiguration;
			buildSettings = {
				ALWAYS_EMBED_SWIFT_STANDARD_LIBRARIES = YES;
				BUNDLE_LOADER = "$(TEST_HOST)";
				CODE_SIGN_STYLE = Automatic;
				CURRENT_PROJECT_VERSION = 1;
				DEVELOPMENT_TEAM = 3K452862FK;
				GENERATE_INFOPLIST_FILE = YES;
				IPHONEOS_DEPLOYMENT_TARGET = 15.0;
				LD_RUNPATH_SEARCH_PATHS = (
					"$(inherited)",
					"@executable_path/Frameworks",
					"@loader_path/Frameworks",
				);
				MARKETING_VERSION = 1.0;
				PRODUCT_BUNDLE_IDENTIFIER = "com.tht.Project-1Tests";
				PRODUCT_NAME = "$(TARGET_NAME)";
				SWIFT_EMIT_LOC_STRINGS = NO;
				SWIFT_VERSION = 5.0;
				TARGETED_DEVICE_FAMILY = "1,2";
				TEST_HOST = "$(BUILT_PRODUCTS_DIR)/Project_1.app/Project_1";
			};
			name = Release;
		};
		251A9C702A0358C900FFA607 /* Debug */ = {
			isa = XCBuildConfiguration;
			buildSettings = {
				ALWAYS_EMBED_SWIFT_STANDARD_LIBRARIES = YES;
				CODE_SIGN_STYLE = Automatic;
				CURRENT_PROJECT_VERSION = 1;
				DEVELOPMENT_TEAM = 3K452862FK;
				GENERATE_INFOPLIST_FILE = YES;
				LD_RUNPATH_SEARCH_PATHS = (
					"$(inherited)",
					"@executable_path/Frameworks",
					"@loader_path/Frameworks",
				);
				MARKETING_VERSION = 1.0;
				PRODUCT_BUNDLE_IDENTIFIER = "com.tht.Project-1UITests";
				PRODUCT_NAME = "$(TARGET_NAME)";
				SWIFT_EMIT_LOC_STRINGS = NO;
				SWIFT_VERSION = 5.0;
				TARGETED_DEVICE_FAMILY = "1,2";
				TEST_TARGET_NAME = Project_1;
			};
			name = Debug;
		};
		251A9C712A0358C900FFA607 /* Release */ = {
			isa = XCBuildConfiguration;
			buildSettings = {
				ALWAYS_EMBED_SWIFT_STANDARD_LIBRARIES = YES;
				CODE_SIGN_STYLE = Automatic;
				CURRENT_PROJECT_VERSION = 1;
				DEVELOPMENT_TEAM = 3K452862FK;
				GENERATE_INFOPLIST_FILE = YES;
				LD_RUNPATH_SEARCH_PATHS = (
					"$(inherited)",
					"@executable_path/Frameworks",
					"@loader_path/Frameworks",
				);
				MARKETING_VERSION = 1.0;
				PRODUCT_BUNDLE_IDENTIFIER = "com.tht.Project-1UITests";
				PRODUCT_NAME = "$(TARGET_NAME)";
				SWIFT_EMIT_LOC_STRINGS = NO;
				SWIFT_VERSION = 5.0;
				TARGETED_DEVICE_FAMILY = "1,2";
				TEST_TARGET_NAME = Project_1;
			};
			name = Release;
		};
/* End XCBuildConfiguration section */

/* Begin XCConfigurationList section */
		251A9C3A2A0358C800FFA607 /* Build configuration list for PBXProject "Project_1" */ = {
			isa = XCConfigurationList;
			buildConfigurations = (
				251A9C672A0358C900FFA607 /* Debug */,
				251A9C682A0358C900FFA607 /* Release */,
			);
			defaultConfigurationIsVisible = 0;
			defaultConfigurationName = Release;
		};
		251A9C692A0358C900FFA607 /* Build configuration list for PBXNativeTarget "Project_1" */ = {
			isa = XCConfigurationList;
			buildConfigurations = (
				251A9C6A2A0358C900FFA607 /* Debug */,
				251A9C6B2A0358C900FFA607 /* Release */,
			);
			defaultConfigurationIsVisible = 0;
			defaultConfigurationName = Release;
		};
		251A9C6C2A0358C900FFA607 /* Build configuration list for PBXNativeTarget "Project_1Tests" */ = {
			isa = XCConfigurationList;
			buildConfigurations = (
				251A9C6D2A0358C900FFA607 /* Debug */,
				251A9C6E2A0358C900FFA607 /* Release */,
			);
			defaultConfigurationIsVisible = 0;
			defaultConfigurationName = Release;
		};
		251A9C6F2A0358C900FFA607 /* Build configuration list for PBXNativeTarget "Project_1UITests" */ = {
			isa = XCConfigurationList;
			buildConfigurations = (
				251A9C702A0358C900FFA607 /* Debug */,
				251A9C712A0358C900FFA607 /* Release */,
			);
			defaultConfigurationIsVisible = 0;
			defaultConfigurationName = Release;
		};
/* End XCConfigurationList section */

/* Begin XCRemoteSwiftPackageReference section */
		251A9C742A035CF000FFA607 /* XCRemoteSwiftPackageReference "firebase-ios-sdk" */ = {
			isa = XCRemoteSwiftPackageReference;
			repositoryURL = "https://github.com/firebase/firebase-ios-sdk";
			requirement = {
				kind = upToNextMajorVersion;
				minimumVersion = 8.0.0;
			};
		};
/* End XCRemoteSwiftPackageReference section */

/* Begin XCSwiftPackageProductDependency section */
		251A9C752A035CF000FFA607 /* FirebaseAnalytics */ = {
			isa = XCSwiftPackageProductDependency;
			package = 251A9C742A035CF000FFA607 /* XCRemoteSwiftPackageReference "firebase-ios-sdk" */;
			productName = FirebaseAnalytics;
		};
		251A9C772A035CF000FFA607 /* FirebaseAnalyticsSwift-Beta */ = {
			isa = XCSwiftPackageProductDependency;
			package = 251A9C742A035CF000FFA607 /* XCRemoteSwiftPackageReference "firebase-ios-sdk" */;
			productName = "FirebaseAnalyticsSwift-Beta";
		};
		251A9C792A035CF000FFA607 /* FirebaseAnalyticsWithoutAdIdSupport */ = {
			isa = XCSwiftPackageProductDependency;
			package = 251A9C742A035CF000FFA607 /* XCRemoteSwiftPackageReference "firebase-ios-sdk" */;
			productName = FirebaseAnalyticsWithoutAdIdSupport;
		};
		251A9C7B2A035CF000FFA607 /* FirebaseAuth */ = {
			isa = XCSwiftPackageProductDependency;
			package = 251A9C742A035CF000FFA607 /* XCRemoteSwiftPackageReference "firebase-ios-sdk" */;
			productName = FirebaseAuth;
		};
		251A9C7D2A035CF000FFA607 /* FirebaseDatabase */ = {
			isa = XCSwiftPackageProductDependency;
			package = 251A9C742A035CF000FFA607 /* XCRemoteSwiftPackageReference "firebase-ios-sdk" */;
			productName = FirebaseDatabase;
		};
		251A9C7F2A035CF000FFA607 /* FirebaseDatabaseSwift-Beta */ = {
			isa = XCSwiftPackageProductDependency;
			package = 251A9C742A035CF000FFA607 /* XCRemoteSwiftPackageReference "firebase-ios-sdk" */;
			productName = "FirebaseDatabaseSwift-Beta";
		};
		251A9C812A035CF000FFA607 /* FirebaseFirestore */ = {
			isa = XCSwiftPackageProductDependency;
			package = 251A9C742A035CF000FFA607 /* XCRemoteSwiftPackageReference "firebase-ios-sdk" */;
			productName = FirebaseFirestore;
		};
		251A9C832A035CF000FFA607 /* FirebaseFirestoreCombine-Community */ = {
			isa = XCSwiftPackageProductDependency;
			package = 251A9C742A035CF000FFA607 /* XCRemoteSwiftPackageReference "firebase-ios-sdk" */;
			productName = "FirebaseFirestoreCombine-Community";
		};
		251A9C852A035CF000FFA607 /* FirebaseFirestoreSwift-Beta */ = {
			isa = XCSwiftPackageProductDependency;
			package = 251A9C742A035CF000FFA607 /* XCRemoteSwiftPackageReference "firebase-ios-sdk" */;
			productName = "FirebaseFirestoreSwift-Beta";
		};
		251A9C872A035CF000FFA607 /* FirebaseInAppMessaging-Beta */ = {
			isa = XCSwiftPackageProductDependency;
			package = 251A9C742A035CF000FFA607 /* XCRemoteSwiftPackageReference "firebase-ios-sdk" */;
			productName = "FirebaseInAppMessaging-Beta";
		};
		251A9C892A035CF000FFA607 /* FirebaseInAppMessagingSwift-Beta */ = {
			isa = XCSwiftPackageProductDependency;
			package = 251A9C742A035CF000FFA607 /* XCRemoteSwiftPackageReference "firebase-ios-sdk" */;
			productName = "FirebaseInAppMessagingSwift-Beta";
		};
		251A9C8B2A035CF000FFA607 /* FirebaseStorage */ = {
			isa = XCSwiftPackageProductDependency;
			package = 251A9C742A035CF000FFA607 /* XCRemoteSwiftPackageReference "firebase-ios-sdk" */;
			productName = FirebaseStorage;
		};
		251A9C8D2A035CF000FFA607 /* FirebaseStorageCombine-Community */ = {
			isa = XCSwiftPackageProductDependency;
			package = 251A9C742A035CF000FFA607 /* XCRemoteSwiftPackageReference "firebase-ios-sdk" */;
			productName = "FirebaseStorageCombine-Community";
		};
		251A9C8F2A035CF000FFA607 /* FirebaseStorageSwift-Beta */ = {
			isa = XCSwiftPackageProductDependency;
			package = 251A9C742A035CF000FFA607 /* XCRemoteSwiftPackageReference "firebase-ios-sdk" */;
			productName = "FirebaseStorageSwift-Beta";
		};
/* End XCSwiftPackageProductDependency section */
	};
	rootObject = 251A9C372A0358C800FFA607 /* Project object */;
}
